gitee.com/yuanxuezhe/ynet v1.1.5/go.mod h1:Q1llFtp1iUKi0DcxSnuIIH2qZ8lXDBs1UBRkHmpRlf8=
gitee.com/yuanxuezhe/ynet v1.1.6 h1:RftNNoK3dFtyd9W+ycEi3TineeHof41hYvuhkHWcm3I=
gitee.com/yuanxuezhe/ynet v1.1.6/go.mod h1:Q1llFtp1iUKi0DcxSnuIIH2qZ8lXDBs1UBRkHmpRlf8=
github.com/garyburd/redigo v1.6.0/go.mod h1:NR3MbYisc3/PwhQ00EMzDiPmrwpPxAn5GI05/YaO1SY=
github.com/go-sql-driver/mysql v1.5.0 h1:ozyZYNQW3x3HtqT1jira07DN2PArx2v7/mN66gGcHOs=
github.com/go-sql-driver/mysql v1.5.0/go.mod h1:DCzpHaOWr8IXmIStZouvnhqoel9Qv2LBy8hT2VhHyBg=
github.com/gorilla/websocket v1.4.2 h1:+/TMaTYc4QFitKJxsQ7Yye35DkWvkdLcvGKqM+x0Ufc=
github.com/gorilla/websocket v1.4.2/go.mod h1:YR8l580nyteQvAITg2hZ9XVh4b55+EU/adAjf1fMHhE=
